
Microsoft Visual Studio Solution File, Format Version 12.00
# Visual Studio Version 16
VisualStudioVersion = 16.0.29905.134
MinimumVisualStudioVersion = 10.0.40219.1
Project("{FAE04EC0-301F-11D3-BF4B-00C04F79EFBC}") = "SMAUsefulFunctions", "SMAUsefulFunctions.csproj", "{7DF6F2EC-C3C2-4E0E-9E75-8B90EEF927D7}"
EndProject
Project("{FAE04EC0-301F-11D3-BF4B-00C04F79EFBC}") = "SMAUsefulFunctions.Tests", "..\SMAUsefulFunctions.Tests\SMAUsefulFunctions.Tests.csproj", "{B2BBFA8E-241A-4B41-8D9F-DB987403B12E}"
EndProject
Global
	GlobalSection(SolutionConfigurationPlatforms) = preSolution
		Debug|Any CPU = Debug|Any CPU
		Release|Any CPU = Release|Any CPU
	EndGlobalSection
	GlobalSection(ProjectConfigurationPlatforms) = postSolution
		{7DF6F2EC-C3C2-4E0E-9E75-8B90EEF927D7}.Debug|Any CPU.ActiveCfg = Debug|Any CPU
		{7DF6F2EC-C3C2-4E0E-9E75-8B90EEF927D7}.Debug|Any CPU.Build.0 = Debug|Any CPU
		{7DF6F2EC-C3C2-4E0E-9E75-8B90EEF927D7}.Release|Any CPU.ActiveCfg = Release|Any CPU
		{7DF6F2EC-C3C2-4E0E-9E75-8B90EEF927D7}.Release|Any CPU.Build.0 = Release|Any CPU
		{B2BBFA8E-241A-4B41-8D9F-DB987403B12E}.Debug|Any CPU.ActiveCfg = Debug|Any CPU
		{B2BBFA8E-241A-4B41-8D9F-DB987403B12E}.Debug|Any CPU.Build.0 = Debug|Any CPU
		{B2BBFA8E-241A-4B41-8D9F-DB987403B12E}.Release|Any CPU.ActiveCfg = Release|Any CPU
		{B2BBFA8E-241A-4B41-8D9F-DB987403B12E}.Release|Any CPU.Build.0 = Release|Any CPU
	EndGlobalSection
	GlobalSection(SolutionProperties) = preSolution
		HideSolutionNode = FALSE
	EndGlobalSection
	GlobalSection(ExtensibilityGlobals) = postSolution
		SolutionGuid = {FDFEAA4B-5CAA-4E1A-82C4-3CF9E47AECAD}
	EndGlobalSection
EndGlobal
